
Microsoft Visual Studio Solution File, Format Version 12.00
# Visual Studio Version 17
VisualStudioVersion = 17.8.34511.84
MinimumVisualStudioVersion = 10.0.40219.1
Project("{FAE04EC0-301F-11D3-BF4B-00C04F79EFBC}") = "GameBox", "GameBox\GameBox.csproj", "{BDB9487A-A745-4C59-A00D-501E871AE96F}"
EndProject
Global
	GlobalSection(SolutionConfigurationPlatforms) = preSolution
		Debug|Any CPU = Debug|Any CPU
		Release|Any CPU = Release|Any CPU
	EndGlobalSection
	GlobalSection(ProjectConfigurationPlatforms) = postSolution
		{BDB9487A-A745-4C59-A00D-501E871AE96F}.Debug|Any CPU.ActiveCfg = Debug|Any CPU
		{BDB9487A-A745-4C59-A00D-501E871AE96F}.Debug|Any CPU.Build.0 = Debug|Any CPU
		{BDB9487A-A745-4C59-A00D-501E871AE96F}.Release|Any CPU.ActiveCfg = Release|Any CPU
		{BDB9487A-A745-4C59-A00D-501E871AE96F}.Release|Any CPU.Build.0 = Release|Any CPU
	EndGlobalSection
	GlobalSection(SolutionProperties) = preSolution
		HideSolutionNode = FALSE
	EndGlobalSection
	GlobalSection(ExtensibilityGlobals) = postSolution
		SolutionGuid = {958F8CE2-08EB-49CD-B38C-A67C92375D1E}
	EndGlobalSection
EndGlobal
